
Microsoft Visual Studio Solution File, Format Version 12.00
# Visual Studio 15
VisualStudioVersion = 15.0.26124.0
MinimumVisualStudioVersion = 15.0.26124.0
Project("{9A19103F-16F7-4668-BE54-9A1E7A4F7556}") = "json-interface-deserialization", "json-interface-deserialization\json-interface-deserialization.csproj", "{A398838D-2750-4265-97B9-2DA38AEC79E0}"
EndProject
Project("{9A19103F-16F7-4668-BE54-9A1E7A4F7556}") = "json-interface-deserializationTests", "json-interface-deserializationTests\json-interface-deserializationTests.csproj", "{D6109B32-F2AE-4700-B430-ACE9870F327D}"
EndProject
Global
	GlobalSection(SolutionConfigurationPlatforms) = preSolution
		Debug|Any CPU = Debug|Any CPU
		Debug|x64 = Debug|x64
		Debug|x86 = Debug|x86
		Release|Any CPU = Release|Any CPU
		Release|x64 = Release|x64
		Release|x86 = Release|x86
	EndGlobalSection
	GlobalSection(ProjectConfigurationPlatforms) = postSolution
		{A398838D-2750-4265-97B9-2DA38AEC79E0}.Debug|Any CPU.ActiveCfg = Debug|Any CPU
		{A398838D-2750-4265-97B9-2DA38AEC79E0}.Debug|Any CPU.Build.0 = Debug|Any CPU
		{A398838D-2750-4265-97B9-2DA38AEC79E0}.Debug|x64.ActiveCfg = Debug|Any CPU
		{A398838D-2750-4265-97B9-2DA38AEC79E0}.Debug|x64.Build.0 = Debug|Any CPU
		{A398838D-2750-4265-97B9-2DA38AEC79E0}.Debug|x86.ActiveCfg = Debug|Any CPU
		{A398838D-2750-4265-97B9-2DA38AEC79E0}.Debug|x86.Build.0 = Debug|Any CPU
		{A398838D-2750-4265-97B9-2DA38AEC79E0}.Release|Any CPU.ActiveCfg = Release|Any CPU
		{A398838D-2750-4265-97B9-2DA38AEC79E0}.Release|Any CPU.Build.0 = Release|Any CPU
		{A398838D-2750-4265-97B9-2DA38AEC79E0}.Release|x64.ActiveCfg = Release|Any CPU
		{A398838D-2750-4265-97B9-2DA38AEC79E0}.Release|x64.Build.0 = Release|Any CPU
		{A398838D-2750-4265-97B9-2DA38AEC79E0}.Release|x86.ActiveCfg = Release|Any CPU
		{A398838D-2750-4265-97B9-2DA38AEC79E0}.Release|x86.Build.0 = Release|Any CPU
		{D6109B32-F2AE-4700-B430-ACE9870F327D}.Debug|Any CPU.ActiveCfg = Debug|Any CPU
		{D6109B32-F2AE-4700-B430-ACE9870F327D}.Debug|Any CPU.Build.0 = Debug|Any CPU
		{D6109B32-F2AE-4700-B430-ACE9870F327D}.Debug|x64.ActiveCfg = Debug|Any CPU
		{D6109B32-F2AE-4700-B430-ACE9870F327D}.Debug|x64.Build.0 = Debug|Any CPU
		{D6109B32-F2AE-4700-B430-ACE9870F327D}.Debug|x86.ActiveCfg = Debug|Any CPU
		{D6109B32-F2AE-4700-B430-ACE9870F327D}.Debug|x86.Build.0 = Debug|Any CPU
		{D6109B32-F2AE-4700-B430-ACE9870F327D}.Release|Any CPU.ActiveCfg = Release|Any CPU
		{D6109B32-F2AE-4700-B430-ACE9870F327D}.Release|Any CPU.Build.0 = Release|Any CPU
		{D6109B32-F2AE-4700-B430-ACE9870F327D}.Release|x64.ActiveCfg = Release|Any CPU
		{D6109B32-F2AE-4700-B430-ACE9870F327D}.Release|x64.Build.0 = Release|Any CPU
		{D6109B32-F2AE-4700-B430-ACE9870F327D}.Release|x86.ActiveCfg = Release|Any CPU
		{D6109B32-F2AE-4700-B430-ACE9870F327D}.Release|x86.Build.0 = Release|Any CPU
	EndGlobalSection
	GlobalSection(SolutionProperties) = preSolution
		HideSolutionNode = FALSE
	EndGlobalSection
	GlobalSection(ExtensibilityGlobals) = postSolution
		SolutionGuid = {A0B17560-B570-445D-B166-4E54A673E58A}
	EndGlobalSection
EndGlobal
